
Microsoft Visual Studio Solution File, Format Version 11.00
# Visual Studio 2010
Project("{8BC9CEB8-8B4A-11D0-8D11-00A0C91BC942}") = "zANT", "zANT\zANT.vcxproj", "{3860B59F-1732-4947-8B28-55F4C7057CED}"
EndProject
Global
	GlobalSection(SolutionConfigurationPlatforms) = preSolution
		Debug|Win32 = Debug|Win32
		Release|Win32 = Release|Win32
	EndGlobalSection
	GlobalSection(ProjectConfigurationPlatforms) = postSolution
		{3860B59F-1732-4947-8B28-55F4C7057CED}.Debug|Win32.ActiveCfg = Debug|Win32
		{3860B59F-1732-4947-8B28-55F4C7057CED}.Debug|Win32.Build.0 = Debug|Win32
		{3860B59F-1732-4947-8B28-55F4C7057CED}.Release|Win32.ActiveCfg = Release|Win32
		{3860B59F-1732-4947-8B28-55F4C7057CED}.Release|Win32.Build.0 = Release|Win32
	EndGlobalSection
	GlobalSection(SolutionProperties) = preSolution
		HideSolutionNode = FALSE
	EndGlobalSection
EndGlobal
